{
  "version": 4,
  "terraform_version": "0.12.20",
  "serial": 11,
  "lineage": "4a698689-b3d1-a972-adcc-32f1dd96d983",
  "outputs": {},
  "resources": [
    {
      "module": "module.infrastructure.module.asg",
      "mode": "managed",
      "type": "aws_autoscaling_group",
      "name": "main",
      "provider": "provider.aws",
      "instances": [
        {
          "schema_version": 0,
          "attributes": {
            "arn": "arn:aws:autoscaling:eu-west-2:593198633279:autoScalingGroup:8cb350e3-0b92-416e-af5b-782dc9cba034:autoScalingGroupName/tf-asg-20200131135039352800000002",
            "availability_zones": [
              "eu-west-2a"
            ],
            "default_cooldown": 300,
            "desired_capacity": 0,
            "enabled_metrics": null,
            "force_delete": false,
            "health_check_grace_period": 300,
            "health_check_type": "EC2",
            "id": "tf-asg-20200131135039352800000002",
            "initial_lifecycle_hook": [],
            "launch_configuration": "terraform-20200131135037650500000001",
            "launch_template": [],
            "load_balancers": [],
            "max_instance_lifetime": 0,
            "max_size": 3,
            "metrics_granularity": "1Minute",
            "min_elb_capacity": null,
            "min_size": 0,
            "mixed_instances_policy": [],
            "name": "tf-asg-20200131135039352800000002",
            "name_prefix": null,
            "placement_group": "",
            "protect_from_scale_in": false,
            "service_linked_role_arn": "arn:aws:iam::593198633279:role/aws-service-role/autoscaling.amazonaws.com/AWSServiceRoleForAutoScaling",
            "suspended_processes": null,
            "tag": [],
            "tags": null,
            "target_group_arns": [],
            "termination_policies": null,
            "timeouts": null,
            "vpc_zone_identifier": [
              "subnet-0b3e5e6284a547cd0"
            ],
            "wait_for_capacity_timeout": "10m",
            "wait_for_elb_capacity": null
          },
          "private": "eyJlMmJmYjczMC1lY2FhLTExZTYtOGY4OC0zNDM2M2JjN2M0YzAiOnsiZGVsZXRlIjo2MDAwMDAwMDAwMDB9fQ==",
          "dependencies": [
            "module.infrastructure.module.asg.aws_launch_configuration.main",
            "module.infrastructure.module.subnets.aws_subnet.main",
            "module.infrastructure.module.vpc.aws_vpc.main"
          ]
        }
      ]
    },
    {
      "module": "module.infrastructure.module.asg",
      "mode": "managed",
      "type": "aws_autoscaling_schedule",
      "name": "end",
      "provider": "provider.aws",
      "instances": [
        {
          "schema_version": 0,
          "attributes": {
            "arn": "arn:aws:autoscaling:eu-west-2:593198633279:scheduledUpdateGroupAction:4c1bda28-5400-4903-990b-8bb41ac63a8a:autoScalingGroupName/tf-asg-20200131135039352800000002:scheduledActionName/end",
            "autoscaling_group_name": "tf-asg-20200131135039352800000002",
            "desired_capacity": 0,
            "end_time": null,
            "id": "end",
            "max_size": 0,
            "min_size": 0,
            "recurrence": "0 17 * * *",
            "scheduled_action_name": "end",
            "start_time": "2020-01-31T17:00:00Z"
          },
          "private": "bnVsbA==",
          "dependencies": [
            "module.infrastructure.module.asg.aws_autoscaling_group.main",
            "module.infrastructure.module.asg.aws_launch_configuration.main",
            "module.infrastructure.module.subnets.aws_subnet.main",
            "module.infrastructure.module.vpc.aws_vpc.main"
          ]
        }
      ]
    },
    {
      "module": "module.infrastructure.module.asg",
      "mode": "managed",
      "type": "aws_autoscaling_schedule",
      "name": "start",
      "provider": "provider.aws",
      "instances": [
        {
          "schema_version": 0,
          "attributes": {
            "arn": "arn:aws:autoscaling:eu-west-2:593198633279:scheduledUpdateGroupAction:93c3da25-ff28-4474-b4e9-f5099f9b480c:autoScalingGroupName/tf-asg-20200131135039352800000002:scheduledActionName/start",
            "autoscaling_group_name": "tf-asg-20200131135039352800000002",
            "desired_capacity": 3,
            "end_time": null,
            "id": "start",
            "max_size": 3,
            "min_size": 1,
            "recurrence": "0 9 * * *",
            "scheduled_action_name": "start",
            "start_time": "2020-02-01T09:00:00Z"
          },
          "private": "bnVsbA==",
          "dependencies": [
            "module.infrastructure.module.asg.aws_autoscaling_group.main",
            "module.infrastructure.module.asg.aws_launch_configuration.main",
            "module.infrastructure.module.subnets.aws_subnet.main",
            "module.infrastructure.module.vpc.aws_vpc.main"
          ]
        }
      ]
    },
    {
      "module": "module.infrastructure.module.vpc",
      "mode": "managed",
      "type": "aws_internet_gateway",
      "name": "main",
      "provider": "provider.aws",
      "instances": [
        {
          "schema_version": 0,
          "attributes": {
            "id": "igw-05db1f1d096a5d5ee",
            "owner_id": "593198633279",
            "tags": {
              "Name": "VPC internet gateway"
            },
            "vpc_id": "vpc-0ae12690b3c4be873"
          },
          "private": "bnVsbA==",
          "dependencies": [
            "module.infrastructure.module.vpc.aws_vpc.main"
          ]
        }
      ]
    },
    {
      "module": "module.infrastructure.module.asg",
      "mode": "managed",
      "type": "aws_launch_configuration",
      "name": "main",
      "provider": "provider.aws",
      "instances": [
        {
          "schema_version": 0,
          "attributes": {
            "arn": "arn:aws:autoscaling:eu-west-2:593198633279:launchConfiguration:cf3fc82c-226e-4e40-8f1c-6ffbadda411d:launchConfigurationName/terraform-20200131135037650500000001",
            "associate_public_ip_address": false,
            "ebs_block_device": [],
            "ebs_optimized": false,
            "enable_monitoring": true,
            "ephemeral_block_device": [],
            "iam_instance_profile": "",
            "id": "terraform-20200131135037650500000001",
            "image_id": "ami-0be057a22c63962cb",
            "instance_type": "t2.micro",
            "key_name": "",
            "name": "terraform-20200131135037650500000001",
            "name_prefix": null,
            "placement_tenancy": null,
            "root_block_device": [],
            "security_groups": null,
            "spot_price": "",
            "user_data": null,
            "user_data_base64": null,
            "vpc_classic_link_id": "",
            "vpc_classic_link_security_groups": null
          },
          "private": "bnVsbA=="
        }
      ]
    },
    {
      "module": "module.infrastructure.module.vpc",
      "mode": "managed",
      "type": "aws_route_table",
      "name": "main",
      "provider": "provider.aws",
      "instances": [
        {
          "schema_version": 0,
          "attributes": {
            "id": "rtb-0032003add9c1b258",
            "owner_id": "593198633279",
            "propagating_vgws": [],
            "route": [
              {
                "cidr_block": "0.0.0.0/0",
                "egress_only_gateway_id": "",
                "gateway_id": "igw-05db1f1d096a5d5ee",
                "instance_id": "",
                "ipv6_cidr_block": "",
                "nat_gateway_id": "",
                "network_interface_id": "",
                "transit_gateway_id": "",
                "vpc_peering_connection_id": ""
              }
            ],
            "tags": null,
            "vpc_id": "vpc-0ae12690b3c4be873"
          },
          "private": "bnVsbA==",
          "dependencies": [
            "module.infrastructure.module.vpc.aws_internet_gateway.main",
            "module.infrastructure.module.vpc.aws_vpc.main"
          ]
        }
      ]
    },
    {
      "module": "module.infrastructure.module.vpc",
      "mode": "managed",
      "type": "aws_route_table_association",
      "name": "main",
      "provider": "provider.aws",
      "instances": [
        {
          "schema_version": 0,
          "attributes": {
            "gateway_id": null,
            "id": "rtbassoc-0c66716fd73b95712",
            "route_table_id": "rtb-0032003add9c1b258",
            "subnet_id": "subnet-0b3e5e6284a547cd0"
          },
          "private": "bnVsbA==",
          "dependencies": [
            "module.infrastructure.module.subnets.aws_subnet.main",
            "module.infrastructure.module.vpc.aws_internet_gateway.main",
            "module.infrastructure.module.vpc.aws_route_table.main",
            "module.infrastructure.module.vpc.aws_vpc.main"
          ]
        }
      ]
    },
    {
      "module": "module.infrastructure.module.SecurityGroups",
      "mode": "managed",
      "type": "aws_security_group",
      "name": "main",
      "provider": "provider.aws",
      "instances": [
        {
          "schema_version": 1,
          "attributes": {
            "arn": "arn:aws:ec2:eu-west-2:593198633279:security-group/sg-04658df70192681fb",
            "description": "allow ssh connection",
            "egress": [
              {
                "cidr_blocks": [
                  "0.0.0.0/0"
                ],
                "description": "",
                "from_port": 0,
                "ipv6_cidr_blocks": [],
                "prefix_list_ids": [],
                "protocol": "-1",
                "security_groups": [],
                "self": false,
                "to_port": 0
              }
            ],
            "id": "sg-04658df70192681fb",
            "ingress": [
              {
                "cidr_blocks": [
                  "0.0.0.0/0"
                ],
                "description": "",
                "from_port": 22,
                "ipv6_cidr_blocks": [],
                "prefix_list_ids": [],
                "protocol": "tcp",
                "security_groups": [],
                "self": false,
                "to_port": 22
              },
              {
                "cidr_blocks": [
                  "0.0.0.0/0"
                ],
                "description": "",
                "from_port": 80,
                "ipv6_cidr_blocks": [],
                "prefix_list_ids": [],
                "protocol": "tcp",
                "security_groups": [],
                "self": false,
                "to_port": 80
              }
            ],
            "name": "wsg",
            "name_prefix": null,
            "owner_id": "593198633279",
            "revoke_rules_on_delete": false,
            "tags": null,
            "timeouts": null,
            "vpc_id": "vpc-0ae12690b3c4be873"
          },
          "private": "eyJlMmJmYjczMC1lY2FhLTExZTYtOGY4OC0zNDM2M2JjN2M0YzAiOnsiY3JlYXRlIjo2MDAwMDAwMDAwMDAsImRlbGV0ZSI6NjAwMDAwMDAwMDAwfSwic2NoZW1hX3ZlcnNpb24iOiIxIn0=",
          "dependencies": [
            "module.infrastructure.module.vpc.aws_vpc.main"
          ]
        }
      ]
    },
    {
      "module": "module.infrastructure.module.subnets",
      "mode": "managed",
      "type": "aws_subnet",
      "name": "main",
      "provider": "provider.aws",
      "instances": [
        {
          "schema_version": 1,
          "attributes": {
            "arn": "arn:aws:ec2:eu-west-2:593198633279:subnet/subnet-0b3e5e6284a547cd0",
            "assign_ipv6_address_on_creation": false,
            "availability_zone": "eu-west-2a",
            "availability_zone_id": "euw2-az2",
            "cidr_block": "10.0.0.0/24",
            "id": "subnet-0b3e5e6284a547cd0",
            "ipv6_cidr_block": "",
            "ipv6_cidr_block_association_id": "",
            "map_public_ip_on_launch": false,
            "owner_id": "593198633279",
            "tags": null,
            "timeouts": null,
            "vpc_id": "vpc-0ae12690b3c4be873"
          },
          "private": "eyJlMmJmYjczMC1lY2FhLTExZTYtOGY4OC0zNDM2M2JjN2M0YzAiOnsiY3JlYXRlIjo2MDAwMDAwMDAwMDAsImRlbGV0ZSI6MTIwMDAwMDAwMDAwMH0sInNjaGVtYV92ZXJzaW9uIjoiMSJ9",
          "dependencies": [
            "module.infrastructure.module.vpc.aws_vpc.main"
          ]
        }
      ]
    },
    {
      "module": "module.infrastructure.module.vpc",
      "mode": "managed",
      "type": "aws_vpc",
      "name": "main",
      "provider": "provider.aws",
      "instances": [
        {
          "schema_version": 1,
          "attributes": {
            "arn": "arn:aws:ec2:eu-west-2:593198633279:vpc/vpc-0ae12690b3c4be873",
            "assign_generated_ipv6_cidr_block": false,
            "cidr_block": "10.0.0.0/16",
            "default_network_acl_id": "acl-0e7a9b64c146031ca",
            "default_route_table_id": "rtb-0b5a5215d4981cc22",
            "default_security_group_id": "sg-0fc3cc805df3ea9f0",
            "dhcp_options_id": "dopt-3e217656",
            "enable_classiclink": null,
            "enable_classiclink_dns_support": null,
            "enable_dns_hostnames": false,
            "enable_dns_support": true,
            "id": "vpc-0ae12690b3c4be873",
            "instance_tenancy": "default",
            "ipv6_association_id": "",
            "ipv6_cidr_block": "",
            "main_route_table_id": "rtb-0b5a5215d4981cc22",
            "owner_id": "593198633279",
            "tags": null
          },
          "private": "eyJzY2hlbWFfdmVyc2lvbiI6IjEifQ=="
        }
      ]
    }
  ]
}
